
Microsoft Visual Studio Solution File, Format Version 12.00
# Visual Studio Version 17
VisualStudioVersion = 17.14.37111.16
MinimumVisualStudioVersion = 10.0.40219.1
Project("{FAE04EC0-301F-11D3-BF4B-00C04F79EFBC}") = "RaktApi.Web", "RaktApi.Web\RaktApi.Web.csproj", "{C15C65A1-3D5D-12A3-38E1-1D325473FE0E}"
EndProject
Project("{FAE04EC0-301F-11D3-BF4B-00C04F79EFBC}") = "RaktApi.Domain", "RaktApi.Domain\RaktApi.Domain.csproj", "{12EAFA96-6BA7-48C5-B8D9-ED4BB41A3C6B}"
EndProject
Project("{FAE04EC0-301F-11D3-BF4B-00C04F79EFBC}") = "RaktApi.Application", "RaktApi.Application\RaktApi.Application.csproj", "{65F8E914-B1D7-4A2A-9BC1-61A77CA84CBA}"
EndProject
Project("{FAE04EC0-301F-11D3-BF4B-00C04F79EFBC}") = "RaktApi.Infrastructure", "RaktApi.Infrastructure\RaktApi.Infrastructure.csproj", "{E81B7DB7-2B1E-4460-A13C-445F5FA47125}"
EndProject
Project("{FAE04EC0-301F-11D3-BF4B-00C04F79EFBC}") = "Rakt.UnitTests", "Rakt.UnitTests\Rakt.UnitTests.csproj", "{0CBFBCC9-4BDA-4512-8B9C-193872A3786C}"
EndProject
Project("{FAE04EC0-301F-11D3-BF4B-00C04F79EFBC}") = "Rakt.IntegrationTests", "Rakt.IntegrationTests\Rakt.IntegrationTests.csproj", "{DF785864-935A-4198-A981-1BA5F04A72AC}"
EndProject
Project("{FAE04EC0-301F-11D3-BF4B-00C04F79EFBC}") = "Rakt.Contracts", "Rakt.Contracts\Rakt.Contracts.csproj", "{13738B67-D4EF-4311-ABB8-A1C4A85A6B8D}"
EndProject
Project("{FAE04EC0-301F-11D3-BF4B-00C04F79EFBC}") = "Rakt.UsersService.Domain", "Rakt.UsersService.Domain\Rakt.UsersService.Domain.csproj", "{5C2FD2F6-724B-4CF8-8B4F-83F9626D31DE}"
EndProject
Project("{FAE04EC0-301F-11D3-BF4B-00C04F79EFBC}") = "Rakt.UsersService.Application", "Rakt.UsersService.Application\Rakt.UsersService.Application.csproj", "{AC309BF0-1D69-4E26-92EE-32FCC5A2FB35}"
EndProject
Project("{FAE04EC0-301F-11D3-BF4B-00C04F79EFBC}") = "Rakt.UsersService.Infrastructure", "Rakt.UsersService.Infrastructure\Rakt.UsersService.Infrastructure.csproj", "{DB32439D-C227-41F7-8DEC-D880F291848C}"
EndProject
Project("{FAE04EC0-301F-11D3-BF4B-00C04F79EFBC}") = "Rakt.UsersService.Presentation", "Rakt.UsersService.Presentation\Rakt.UsersService.Presentation.csproj", "{161A2ABD-0E47-4955-9F55-2213A9B12839}"
EndProject
Project("{FAE04EC0-301F-11D3-BF4B-00C04F79EFBC}") = "Rakt.EventsService.Domain", "Rakt.EventsService.Domain\Rakt.EventsService.Domain.csproj", "{42BA915A-5699-4786-93A3-108A6D53AF16}"
EndProject
Project("{FAE04EC0-301F-11D3-BF4B-00C04F79EFBC}") = "Rakt.EventsService.Application", "Rakt.EventsService.Application\Rakt.EventsService.Application.csproj", "{D851307E-15EB-4BB2-82EB-77A636BB8F99}"
EndProject
Project("{FAE04EC0-301F-11D3-BF4B-00C04F79EFBC}") = "Rakt.EventsService.Infrastructure", "Rakt.EventsService.Infrastructure\Rakt.EventsService.Infrastructure.csproj", "{6F6DAF90-5FF1-490D-A0DF-2F98CF86B1A4}"
EndProject
Project("{FAE04EC0-301F-11D3-BF4B-00C04F79EFBC}") = "Rakt.EventsService.Presentation", "Rakt.EventsService.Presentation\Rakt.EventsService.Presentation.csproj", "{17596331-85B4-49D7-B2E2-CDB6863FD631}"
EndProject
Project("{FAE04EC0-301F-11D3-BF4B-00C04F79EFBC}") = "Rakt.BookingsService.Domain", "Rakt.BookingsService.Domain\Rakt.BookingsService.Domain.csproj", "{FB2CE6EC-D9A3-4EFB-B890-0D8BABA4C63B}"
EndProject
Project("{FAE04EC0-301F-11D3-BF4B-00C04F79EFBC}") = "Rakt.BookingsService.Application", "Rakt.BookingsService.Application\Rakt.BookingsService.Application.csproj", "{0E61146D-385B-4C04-BF37-E195FFEA8DD7}"
EndProject
Project("{FAE04EC0-301F-11D3-BF4B-00C04F79EFBC}") = "Rakt.BookingsService.Infrastructure", "Rakt.BookingsService.Infrastructure\Rakt.BookingsService.Infrastructure.csproj", "{96AC7DF4-D4AA-4E9D-BC96-88240A7E37D2}"
EndProject
Project("{FAE04EC0-301F-11D3-BF4B-00C04F79EFBC}") = "Rakt.BookingsService.Presentation", "Rakt.BookingsService.Presentation\Rakt.BookingsService.Presentation.csproj", "{29C583B5-588C-4887-88CB-E571B243C322}"
EndProject
Project("{FAE04EC0-301F-11D3-BF4B-00C04F79EFBC}") = "Rakt.UsersService.UnitTests", "Rakt.UsersService.UnitTests\Rakt.UsersService.UnitTests.csproj", "{C87C02E1-F9C7-4313-A470-88DED73DF61A}"
EndProject
Project("{FAE04EC0-301F-11D3-BF4B-00C04F79EFBC}") = "Rakt.EventsService.UnitTests", "Rakt.EventsService.UnitTests\Rakt.EventsService.UnitTests.csproj", "{F167257A-53AC-40D5-BC22-82FEDEDD769E}"
EndProject
Project("{FAE04EC0-301F-11D3-BF4B-00C04F79EFBC}") = "Rakt.BookingsService.UnitTests", "Rakt.BookingsService.UnitTests\Rakt.BookingsService.UnitTests.csproj", "{69D3B3BE-61E8-4BBB-9BC2-C80C7FF13EE9}"
EndProject
Global
	GlobalSection(SolutionConfigurationPlatforms) = preSolution
		Debug|Any CPU = Debug|Any CPU
		Debug|x64 = Debug|x64
		Debug|x86 = Debug|x86
		Release|Any CPU = Release|Any CPU
		Release|x64 = Release|x64
		Release|x86 = Release|x86
	EndGlobalSection
	GlobalSection(ProjectConfigurationPlatforms) = postSolution
		{C15C65A1-3D5D-12A3-38E1-1D325473FE0E}.Debug|Any CPU.ActiveCfg = Debug|Any CPU
		{C15C65A1-3D5D-12A3-38E1-1D325473FE0E}.Debug|Any CPU.Build.0 = Debug|Any CPU
		{C15C65A1-3D5D-12A3-38E1-1D325473FE0E}.Debug|x64.ActiveCfg = Debug|Any CPU
		{C15C65A1-3D5D-12A3-38E1-1D325473FE0E}.Debug|x64.Build.0 = Debug|Any CPU
		{C15C65A1-3D5D-12A3-38E1-1D325473FE0E}.Debug|x86.ActiveCfg = Debug|Any CPU
		{C15C65A1-3D5D-12A3-38E1-1D325473FE0E}.Debug|x86.Build.0 = Debug|Any CPU
		{C15C65A1-3D5D-12A3-38E1-1D325473FE0E}.Release|Any CPU.ActiveCfg = Release|Any CPU
		{C15C65A1-3D5D-12A3-38E1-1D325473FE0E}.Release|Any CPU.Build.0 = Release|Any CPU
		{C15C65A1-3D5D-12A3-38E1-1D325473FE0E}.Release|x64.ActiveCfg = Release|Any CPU
		{C15C65A1-3D5D-12A3-38E1-1D325473FE0E}.Release|x64.Build.0 = Release|Any CPU
		{C15C65A1-3D5D-12A3-38E1-1D325473FE0E}.Release|x86.ActiveCfg = Release|Any CPU
		{C15C65A1-3D5D-12A3-38E1-1D325473FE0E}.Release|x86.Build.0 = Release|Any CPU
		{12EAFA96-6BA7-48C5-B8D9-ED4BB41A3C6B}.Debug|Any CPU.ActiveCfg = Debug|Any CPU
		{12EAFA96-6BA7-48C5-B8D9-ED4BB41A3C6B}.Debug|Any CPU.Build.0 = Debug|Any CPU
		{12EAFA96-6BA7-48C5-B8D9-ED4BB41A3C6B}.Debug|x64.ActiveCfg = Debug|Any CPU
		{12EAFA96-6BA7-48C5-B8D9-ED4BB41A3C6B}.Debug|x64.Build.0 = Debug|Any CPU
		{12EAFA96-6BA7-48C5-B8D9-ED4BB41A3C6B}.Debug|x86.ActiveCfg = Debug|Any CPU
		{12EAFA96-6BA7-48C5-B8D9-ED4BB41A3C6B}.Debug|x86.Build.0 = Debug|Any CPU
		{12EAFA96-6BA7-48C5-B8D9-ED4BB41A3C6B}.Release|Any CPU.ActiveCfg = Release|Any CPU
		{12EAFA96-6BA7-48C5-B8D9-ED4BB41A3C6B}.Release|Any CPU.Build.0 = Release|Any CPU
		{12EAFA96-6BA7-48C5-B8D9-ED4BB41A3C6B}.Release|x64.ActiveCfg = Release|Any CPU
		{12EAFA96-6BA7-48C5-B8D9-ED4BB41A3C6B}.Release|x64.Build.0 = Release|Any CPU
		{12EAFA96-6BA7-48C5-B8D9-ED4BB41A3C6B}.Release|x86.ActiveCfg = Release|Any CPU
		{12EAFA96-6BA7-48C5-B8D9-ED4BB41A3C6B}.Release|x86.Build.0 = Release|Any CPU
		{65F8E914-B1D7-4A2A-9BC1-61A77CA84CBA}.Debug|Any CPU.ActiveCfg = Debug|Any CPU
		{65F8E914-B1D7-4A2A-9BC1-61A77CA84CBA}.Debug|Any CPU.Build.0 = Debug|Any CPU
		{65F8E914-B1D7-4A2A-9BC1-61A77CA84CBA}.Debug|x64.ActiveCfg = Debug|Any CPU
		{65F8E914-B1D7-4A2A-9BC1-61A77CA84CBA}.Debug|x64.Build.0 = Debug|Any CPU
		{65F8E914-B1D7-4A2A-9BC1-61A77CA84CBA}.Debug|x86.ActiveCfg = Debug|Any CPU
		{65F8E914-B1D7-4A2A-9BC1-61A77CA84CBA}.Debug|x86.Build.0 = Debug|Any CPU
		{65F8E914-B1D7-4A2A-9BC1-61A77CA84CBA}.Release|Any CPU.ActiveCfg = Release|Any CPU
		{65F8E914-B1D7-4A2A-9BC1-61A77CA84CBA}.Release|Any CPU.Build.0 = Release|Any CPU
		{65F8E914-B1D7-4A2A-9BC1-61A77CA84CBA}.Release|x64.ActiveCfg = Release|Any CPU
		{65F8E914-B1D7-4A2A-9BC1-61A77CA84CBA}.Release|x64.Build.0 = Release|Any CPU
		{65F8E914-B1D7-4A2A-9BC1-61A77CA84CBA}.Release|x86.ActiveCfg = Release|Any CPU
		{65F8E914-B1D7-4A2A-9BC1-61A77CA84CBA}.Release|x86.Build.0 = Release|Any CPU
		{E81B7DB7-2B1E-4460-A13C-445F5FA47125}.Debug|Any CPU.ActiveCfg = Debug|Any CPU
		{E81B7DB7-2B1E-4460-A13C-445F5FA47125}.Debug|Any CPU.Build.0 = Debug|Any CPU
		{E81B7DB7-2B1E-4460-A13C-445F5FA47125}.Debug|x64.ActiveCfg = Debug|Any CPU
		{E81B7DB7-2B1E-4460-A13C-445F5FA47125}.Debug|x64.Build.0 = Debug|Any CPU
		{E81B7DB7-2B1E-4460-A13C-445F5FA47125}.Debug|x86.ActiveCfg = Debug|Any CPU
		{E81B7DB7-2B1E-4460-A13C-445F5FA47125}.Debug|x86.Build.0 = Debug|Any CPU
		{E81B7DB7-2B1E-4460-A13C-445F5FA47125}.Release|Any CPU.ActiveCfg = Release|Any CPU
		{E81B7DB7-2B1E-4460-A13C-445F5FA47125}.Release|Any CPU.Build.0 = Release|Any CPU
		{E81B7DB7-2B1E-4460-A13C-445F5FA47125}.Release|x64.ActiveCfg = Release|Any CPU
		{E81B7DB7-2B1E-4460-A13C-445F5FA47125}.Release|x64.Build.0 = Release|Any CPU
		{E81B7DB7-2B1E-4460-A13C-445F5FA47125}.Release|x86.ActiveCfg = Release|Any CPU
		{E81B7DB7-2B1E-4460-A13C-445F5FA47125}.Release|x86.Build.0 = Release|Any CPU
		{0CBFBCC9-4BDA-4512-8B9C-193872A3786C}.Debug|Any CPU.ActiveCfg = Debug|Any CPU
		{0CBFBCC9-4BDA-4512-8B9C-193872A3786C}.Debug|Any CPU.Build.0 = Debug|Any CPU
		{0CBFBCC9-4BDA-4512-8B9C-193872A3786C}.Debug|x64.ActiveCfg = Debug|Any CPU
		{0CBFBCC9-4BDA-4512-8B9C-193872A3786C}.Debug|x64.Build.0 = Debug|Any CPU
		{0CBFBCC9-4BDA-4512-8B9C-193872A3786C}.Debug|x86.ActiveCfg = Debug|Any CPU
		{0CBFBCC9-4BDA-4512-8B9C-193872A3786C}.Debug|x86.Build.0 = Debug|Any CPU
		{0CBFBCC9-4BDA-4512-8B9C-193872A3786C}.Release|Any CPU.ActiveCfg = Release|Any CPU
		{0CBFBCC9-4BDA-4512-8B9C-193872A3786C}.Release|Any CPU.Build.0 = Release|Any CPU
		{0CBFBCC9-4BDA-4512-8B9C-193872A3786C}.Release|x64.ActiveCfg = Release|Any CPU
		{0CBFBCC9-4BDA-4512-8B9C-193872A3786C}.Release|x64.Build.0 = Release|Any CPU
		{0CBFBCC9-4BDA-4512-8B9C-193872A3786C}.Release|x86.ActiveCfg = Release|Any CPU
		{0CBFBCC9-4BDA-4512-8B9C-193872A3786C}.Release|x86.Build.0 = Release|Any CPU
		{DF785864-935A-4198-A981-1BA5F04A72AC}.Debug|Any CPU.ActiveCfg = Debug|Any CPU
		{DF785864-935A-4198-A981-1BA5F04A72AC}.Debug|Any CPU.Build.0 = Debug|Any CPU
		{DF785864-935A-4198-A981-1BA5F04A72AC}.Debug|x64.ActiveCfg = Debug|Any CPU
		{DF785864-935A-4198-A981-1BA5F04A72AC}.Debug|x64.Build.0 = Debug|Any CPU
		{DF785864-935A-4198-A981-1BA5F04A72AC}.Debug|x86.ActiveCfg = Debug|Any CPU
		{DF785864-935A-4198-A981-1BA5F04A72AC}.Debug|x86.Build.0 = Debug|Any CPU
		{DF785864-935A-4198-A981-1BA5F04A72AC}.Release|Any CPU.ActiveCfg = Release|Any CPU
		{DF785864-935A-4198-A981-1BA5F04A72AC}.Release|Any CPU.Build.0 = Release|Any CPU
		{DF785864-935A-4198-A981-1BA5F04A72AC}.Release|x64.ActiveCfg = Release|Any CPU
		{DF785864-935A-4198-A981-1BA5F04A72AC}.Release|x64.Build.0 = Release|Any CPU
		{DF785864-935A-4198-A981-1BA5F04A72AC}.Release|x86.ActiveCfg = Release|Any CPU
		{DF785864-935A-4198-A981-1BA5F04A72AC}.Release|x86.Build.0 = Release|Any CPU
		{13738B67-D4EF-4311-ABB8-A1C4A85A6B8D}.Debug|Any CPU.ActiveCfg = Debug|Any CPU
		{13738B67-D4EF-4311-ABB8-A1C4A85A6B8D}.Debug|Any CPU.Build.0 = Debug|Any CPU
		{13738B67-D4EF-4311-ABB8-A1C4A85A6B8D}.Debug|x64.ActiveCfg = Debug|Any CPU
		{13738B67-D4EF-4311-ABB8-A1C4A85A6B8D}.Debug|x64.Build.0 = Debug|Any CPU
		{13738B67-D4EF-4311-ABB8-A1C4A85A6B8D}.Debug|x86.ActiveCfg = Debug|Any CPU
		{13738B67-D4EF-4311-ABB8-A1C4A85A6B8D}.Debug|x86.Build.0 = Debug|Any CPU
		{13738B67-D4EF-4311-ABB8-A1C4A85A6B8D}.Release|Any CPU.ActiveCfg = Release|Any CPU
		{13738B67-D4EF-4311-ABB8-A1C4A85A6B8D}.Release|Any CPU.Build.0 = Release|Any CPU
		{13738B67-D4EF-4311-ABB8-A1C4A85A6B8D}.Release|x64.ActiveCfg = Release|Any CPU
		{13738B67-D4EF-4311-ABB8-A1C4A85A6B8D}.Release|x64.Build.0 = Release|Any CPU
		{13738B67-D4EF-4311-ABB8-A1C4A85A6B8D}.Release|x86.ActiveCfg = Release|Any CPU
		{13738B67-D4EF-4311-ABB8-A1C4A85A6B8D}.Release|x86.Build.0 = Release|Any CPU
		{5C2FD2F6-724B-4CF8-8B4F-83F9626D31DE}.Debug|Any CPU.ActiveCfg = Debug|Any CPU
		{5C2FD2F6-724B-4CF8-8B4F-83F9626D31DE}.Debug|Any CPU.Build.0 = Debug|Any CPU
		{5C2FD2F6-724B-4CF8-8B4F-83F9626D31DE}.Debug|x64.ActiveCfg = Debug|Any CPU
		{5C2FD2F6-724B-4CF8-8B4F-83F9626D31DE}.Debug|x64.Build.0 = Debug|Any CPU
		{5C2FD2F6-724B-4CF8-8B4F-83F9626D31DE}.Debug|x86.ActiveCfg = Debug|Any CPU
		{5C2FD2F6-724B-4CF8-8B4F-83F9626D31DE}.Debug|x86.Build.0 = Debug|Any CPU
		{5C2FD2F6-724B-4CF8-8B4F-83F9626D31DE}.Release|Any CPU.ActiveCfg = Release|Any CPU
		{5C2FD2F6-724B-4CF8-8B4F-83F9626D31DE}.Release|Any CPU.Build.0 = Release|Any CPU
		{5C2FD2F6-724B-4CF8-8B4F-83F9626D31DE}.Release|x64.ActiveCfg = Release|Any CPU
		{5C2FD2F6-724B-4CF8-8B4F-83F9626D31DE}.Release|x64.Build.0 = Release|Any CPU
		{5C2FD2F6-724B-4CF8-8B4F-83F9626D31DE}.Release|x86.ActiveCfg = Release|Any CPU
		{5C2FD2F6-724B-4CF8-8B4F-83F9626D31DE}.Release|x86.Build.0 = Release|Any CPU
		{AC309BF0-1D69-4E26-92EE-32FCC5A2FB35}.Debug|Any CPU.ActiveCfg = Debug|Any CPU
		{AC309BF0-1D69-4E26-92EE-32FCC5A2FB35}.Debug|Any CPU.Build.0 = Debug|Any CPU
		{AC309BF0-1D69-4E26-92EE-32FCC5A2FB35}.Debug|x64.ActiveCfg = Debug|Any CPU
		{AC309BF0-1D69-4E26-92EE-32FCC5A2FB35}.Debug|x64.Build.0 = Debug|Any CPU
		{AC309BF0-1D69-4E26-92EE-32FCC5A2FB35}.Debug|x86.ActiveCfg = Debug|Any CPU
		{AC309BF0-1D69-4E26-92EE-32FCC5A2FB35}.Debug|x86.Build.0 = Debug|Any CPU
		{AC309BF0-1D69-4E26-92EE-32FCC5A2FB35}.Release|Any CPU.ActiveCfg = Release|Any CPU
		{AC309BF0-1D69-4E26-92EE-32FCC5A2FB35}.Release|Any CPU.Build.0 = Release|Any CPU
		{AC309BF0-1D69-4E26-92EE-32FCC5A2FB35}.Release|x64.ActiveCfg = Release|Any CPU
		{AC309BF0-1D69-4E26-92EE-32FCC5A2FB35}.Release|x64.Build.0 = Release|Any CPU
		{AC309BF0-1D69-4E26-92EE-32FCC5A2FB35}.Release|x86.ActiveCfg = Release|Any CPU
		{AC309BF0-1D69-4E26-92EE-32FCC5A2FB35}.Release|x86.Build.0 = Release|Any CPU
		{DB32439D-C227-41F7-8DEC-D880F291848C}.Debug|Any CPU.ActiveCfg = Debug|Any CPU
		{DB32439D-C227-41F7-8DEC-D880F291848C}.Debug|Any CPU.Build.0 = Debug|Any CPU
		{DB32439D-C227-41F7-8DEC-D880F291848C}.Debug|x64.ActiveCfg = Debug|Any CPU
		{DB32439D-C227-41F7-8DEC-D880F291848C}.Debug|x64.Build.0 = Debug|Any CPU
		{DB32439D-C227-41F7-8DEC-D880F291848C}.Debug|x86.ActiveCfg = Debug|Any CPU
		{DB32439D-C227-41F7-8DEC-D880F291848C}.Debug|x86.Build.0 = Debug|Any CPU
		{DB32439D-C227-41F7-8DEC-D880F291848C}.Release|Any CPU.ActiveCfg = Release|Any CPU
		{DB32439D-C227-41F7-8DEC-D880F291848C}.Release|Any CPU.Build.0 = Release|Any CPU
		{DB32439D-C227-41F7-8DEC-D880F291848C}.Release|x64.ActiveCfg = Release|Any CPU
		{DB32439D-C227-41F7-8DEC-D880F291848C}.Release|x64.Build.0 = Release|Any CPU
		{DB32439D-C227-41F7-8DEC-D880F291848C}.Release|x86.ActiveCfg = Release|Any CPU
		{DB32439D-C227-41F7-8DEC-D880F291848C}.Release|x86.Build.0 = Release|Any CPU
		{161A2ABD-0E47-4955-9F55-2213A9B12839}.Debug|Any CPU.ActiveCfg = Debug|Any CPU
		{161A2ABD-0E47-4955-9F55-2213A9B12839}.Debug|Any CPU.Build.0 = Debug|Any CPU
		{161A2ABD-0E47-4955-9F55-2213A9B12839}.Debug|x64.ActiveCfg = Debug|Any CPU
		{161A2ABD-0E47-4955-9F55-2213A9B12839}.Debug|x64.Build.0 = Debug|Any CPU
		{161A2ABD-0E47-4955-9F55-2213A9B12839}.Debug|x86.ActiveCfg = Debug|Any CPU
		{161A2ABD-0E47-4955-9F55-2213A9B12839}.Debug|x86.Build.0 = Debug|Any CPU
		{161A2ABD-0E47-4955-9F55-2213A9B12839}.Release|Any CPU.ActiveCfg = Release|Any CPU
		{161A2ABD-0E47-4955-9F55-2213A9B12839}.Release|Any CPU.Build.0 = Release|Any CPU
		{161A2ABD-0E47-4955-9F55-2213A9B12839}.Release|x64.ActiveCfg = Release|Any CPU
		{161A2ABD-0E47-4955-9F55-2213A9B12839}.Release|x64.Build.0 = Release|Any CPU
		{161A2ABD-0E47-4955-9F55-2213A9B12839}.Release|x86.ActiveCfg = Release|Any CPU
		{161A2ABD-0E47-4955-9F55-2213A9B12839}.Release|x86.Build.0 = Release|Any CPU
		{42BA915A-5699-4786-93A3-108A6D53AF16}.Debug|Any CPU.ActiveCfg = Debug|Any CPU
		{42BA915A-5699-4786-93A3-108A6D53AF16}.Debug|Any CPU.Build.0 = Debug|Any CPU
		{42BA915A-5699-4786-93A3-108A6D53AF16}.Debug|x64.ActiveCfg = Debug|Any CPU
		{42BA915A-5699-4786-93A3-108A6D53AF16}.Debug|x64.Build.0 = Debug|Any CPU
		{42BA915A-5699-4786-93A3-108A6D53AF16}.Debug|x86.ActiveCfg = Debug|Any CPU
		{42BA915A-5699-4786-93A3-108A6D53AF16}.Debug|x86.Build.0 = Debug|Any CPU
		{42BA915A-5699-4786-93A3-108A6D53AF16}.Release|Any CPU.ActiveCfg = Release|Any CPU
		{42BA915A-5699-4786-93A3-108A6D53AF16}.Release|Any CPU.Build.0 = Release|Any CPU
		{42BA915A-5699-4786-93A3-108A6D53AF16}.Release|x64.ActiveCfg = Release|Any CPU
		{42BA915A-5699-4786-93A3-108A6D53AF16}.Release|x64.Build.0 = Release|Any CPU
		{42BA915A-5699-4786-93A3-108A6D53AF16}.Release|x86.ActiveCfg = Release|Any CPU
		{42BA915A-5699-4786-93A3-108A6D53AF16}.Release|x86.Build.0 = Release|Any CPU
		{D851307E-15EB-4BB2-82EB-77A636BB8F99}.Debug|Any CPU.ActiveCfg = Debug|Any CPU
		{D851307E-15EB-4BB2-82EB-77A636BB8F99}.Debug|Any CPU.Build.0 = Debug|Any CPU
		{D851307E-15EB-4BB2-82EB-77A636BB8F99}.Debug|x64.ActiveCfg = Debug|Any CPU
		{D851307E-15EB-4BB2-82EB-77A636BB8F99}.Debug|x64.Build.0 = Debug|Any CPU
		{D851307E-15EB-4BB2-82EB-77A636BB8F99}.Debug|x86.ActiveCfg = Debug|Any CPU
		{D851307E-15EB-4BB2-82EB-77A636BB8F99}.Debug|x86.Build.0 = Debug|Any CPU
		{D851307E-15EB-4BB2-82EB-77A636BB8F99}.Release|Any CPU.ActiveCfg = Release|Any CPU
		{D851307E-15EB-4BB2-82EB-77A636BB8F99}.Release|Any CPU.Build.0 = Release|Any CPU
		{D851307E-15EB-4BB2-82EB-77A636BB8F99}.Release|x64.ActiveCfg = Release|Any CPU
		{D851307E-15EB-4BB2-82EB-77A636BB8F99}.Release|x64.Build.0 = Release|Any CPU
		{D851307E-15EB-4BB2-82EB-77A636BB8F99}.Release|x86.ActiveCfg = Release|Any CPU
		{D851307E-15EB-4BB2-82EB-77A636BB8F99}.Release|x86.Build.0 = Release|Any CPU
		{6F6DAF90-5FF1-490D-A0DF-2F98CF86B1A4}.Debug|Any CPU.ActiveCfg = Debug|Any CPU
		{6F6DAF90-5FF1-490D-A0DF-2F98CF86B1A4}.Debug|Any CPU.Build.0 = Debug|Any CPU
		{6F6DAF90-5FF1-490D-A0DF-2F98CF86B1A4}.Debug|x64.ActiveCfg = Debug|Any CPU
		{6F6DAF90-5FF1-490D-A0DF-2F98CF86B1A4}.Debug|x64.Build.0 = Debug|Any CPU
		{6F6DAF90-5FF1-490D-A0DF-2F98CF86B1A4}.Debug|x86.ActiveCfg = Debug|Any CPU
		{6F6DAF90-5FF1-490D-A0DF-2F98CF86B1A4}.Debug|x86.Build.0 = Debug|Any CPU
		{6F6DAF90-5FF1-490D-A0DF-2F98CF86B1A4}.Release|Any CPU.ActiveCfg = Release|Any CPU
		{6F6DAF90-5FF1-490D-A0DF-2F98CF86B1A4}.Release|Any CPU.Build.0 = Release|Any CPU
		{6F6DAF90-5FF1-490D-A0DF-2F98CF86B1A4}.Release|x64.ActiveCfg = Release|Any CPU
		{6F6DAF90-5FF1-490D-A0DF-2F98CF86B1A4}.Release|x64.Build.0 = Release|Any CPU
		{6F6DAF90-5FF1-490D-A0DF-2F98CF86B1A4}.Release|x86.ActiveCfg = Release|Any CPU
		{6F6DAF90-5FF1-490D-A0DF-2F98CF86B1A4}.Release|x86.Build.0 = Release|Any CPU
		{17596331-85B4-49D7-B2E2-CDB6863FD631}.Debug|Any CPU.ActiveCfg = Debug|Any CPU
		{17596331-85B4-49D7-B2E2-CDB6863FD631}.Debug|Any CPU.Build.0 = Debug|Any CPU
		{17596331-85B4-49D7-B2E2-CDB6863FD631}.Debug|x64.ActiveCfg = Debug|Any CPU
		{17596331-85B4-49D7-B2E2-CDB6863FD631}.Debug|x64.Build.0 = Debug|Any CPU
		{17596331-85B4-49D7-B2E2-CDB6863FD631}.Debug|x86.ActiveCfg = Debug|Any CPU
		{17596331-85B4-49D7-B2E2-CDB6863FD631}.Debug|x86.Build.0 = Debug|Any CPU
		{17596331-85B4-49D7-B2E2-CDB6863FD631}.Release|Any CPU.ActiveCfg = Release|Any CPU
		{17596331-85B4-49D7-B2E2-CDB6863FD631}.Release|Any CPU.Build.0 = Release|Any CPU
		{17596331-85B4-49D7-B2E2-CDB6863FD631}.Release|x64.ActiveCfg = Release|Any CPU
		{17596331-85B4-49D7-B2E2-CDB6863FD631}.Release|x64.Build.0 = Release|Any CPU
		{17596331-85B4-49D7-B2E2-CDB6863FD631}.Release|x86.ActiveCfg = Release|Any CPU
		{17596331-85B4-49D7-B2E2-CDB6863FD631}.Release|x86.Build.0 = Release|Any CPU
		{FB2CE6EC-D9A3-4EFB-B890-0D8BABA4C63B}.Debug|Any CPU.ActiveCfg = Debug|Any CPU
		{FB2CE6EC-D9A3-4EFB-B890-0D8BABA4C63B}.Debug|Any CPU.Build.0 = Debug|Any CPU
		{FB2CE6EC-D9A3-4EFB-B890-0D8BABA4C63B}.Debug|x64.ActiveCfg = Debug|Any CPU
		{FB2CE6EC-D9A3-4EFB-B890-0D8BABA4C63B}.Debug|x64.Build.0 = Debug|Any CPU
		{FB2CE6EC-D9A3-4EFB-B890-0D8BABA4C63B}.Debug|x86.ActiveCfg = Debug|Any CPU
		{FB2CE6EC-D9A3-4EFB-B890-0D8BABA4C63B}.Debug|x86.Build.0 = Debug|Any CPU
		{FB2CE6EC-D9A3-4EFB-B890-0D8BABA4C63B}.Release|Any CPU.ActiveCfg = Release|Any CPU
		{FB2CE6EC-D9A3-4EFB-B890-0D8BABA4C63B}.Release|Any CPU.Build.0 = Release|Any CPU
		{FB2CE6EC-D9A3-4EFB-B890-0D8BABA4C63B}.Release|x64.ActiveCfg = Release|Any CPU
		{FB2CE6EC-D9A3-4EFB-B890-0D8BABA4C63B}.Release|x64.Build.0 = Release|Any CPU
		{FB2CE6EC-D9A3-4EFB-B890-0D8BABA4C63B}.Release|x86.ActiveCfg = Release|Any CPU
		{FB2CE6EC-D9A3-4EFB-B890-0D8BABA4C63B}.Release|x86.Build.0 = Release|Any CPU
		{0E61146D-385B-4C04-BF37-E195FFEA8DD7}.Debug|Any CPU.ActiveCfg = Debug|Any CPU
		{0E61146D-385B-4C04-BF37-E195FFEA8DD7}.Debug|Any CPU.Build.0 = Debug|Any CPU
		{0E61146D-385B-4C04-BF37-E195FFEA8DD7}.Debug|x64.ActiveCfg = Debug|Any CPU
		{0E61146D-385B-4C04-BF37-E195FFEA8DD7}.Debug|x64.Build.0 = Debug|Any CPU
		{0E61146D-385B-4C04-BF37-E195FFEA8DD7}.Debug|x86.ActiveCfg = Debug|Any CPU
		{0E61146D-385B-4C04-BF37-E195FFEA8DD7}.Debug|x86.Build.0 = Debug|Any CPU
		{0E61146D-385B-4C04-BF37-E195FFEA8DD7}.Release|Any CPU.ActiveCfg = Release|Any CPU
		{0E61146D-385B-4C04-BF37-E195FFEA8DD7}.Release|Any CPU.Build.0 = Release|Any CPU
		{0E61146D-385B-4C04-BF37-E195FFEA8DD7}.Release|x64.ActiveCfg = Release|Any CPU
		{0E61146D-385B-4C04-BF37-E195FFEA8DD7}.Release|x64.Build.0 = Release|Any CPU
		{0E61146D-385B-4C04-BF37-E195FFEA8DD7}.Release|x86.ActiveCfg = Release|Any CPU
		{0E61146D-385B-4C04-BF37-E195FFEA8DD7}.Release|x86.Build.0 = Release|Any CPU
		{96AC7DF4-D4AA-4E9D-BC96-88240A7E37D2}.Debug|Any CPU.ActiveCfg = Debug|Any CPU
		{96AC7DF4-D4AA-4E9D-BC96-88240A7E37D2}.Debug|Any CPU.Build.0 = Debug|Any CPU
		{96AC7DF4-D4AA-4E9D-BC96-88240A7E37D2}.Debug|x64.ActiveCfg = Debug|Any CPU
		{96AC7DF4-D4AA-4E9D-BC96-88240A7E37D2}.Debug|x64.Build.0 = Debug|Any CPU
		{96AC7DF4-D4AA-4E9D-BC96-88240A7E37D2}.Debug|x86.ActiveCfg = Debug|Any CPU
		{96AC7DF4-D4AA-4E9D-BC96-88240A7E37D2}.Debug|x86.Build.0 = Debug|Any CPU
		{96AC7DF4-D4AA-4E9D-BC96-88240A7E37D2}.Release|Any CPU.ActiveCfg = Release|Any CPU
		{96AC7DF4-D4AA-4E9D-BC96-88240A7E37D2}.Release|Any CPU.Build.0 = Release|Any CPU
		{96AC7DF4-D4AA-4E9D-BC96-88240A7E37D2}.Release|x64.ActiveCfg = Release|Any CPU
		{96AC7DF4-D4AA-4E9D-BC96-88240A7E37D2}.Release|x64.Build.0 = Release|Any CPU
		{96AC7DF4-D4AA-4E9D-BC96-88240A7E37D2}.Release|x86.ActiveCfg = Release|Any CPU
		{96AC7DF4-D4AA-4E9D-BC96-88240A7E37D2}.Release|x86.Build.0 = Release|Any CPU
		{29C583B5-588C-4887-88CB-E571B243C322}.Debug|Any CPU.ActiveCfg = Debug|Any CPU
		{29C583B5-588C-4887-88CB-E571B243C322}.Debug|Any CPU.Build.0 = Debug|Any CPU
		{29C583B5-588C-4887-88CB-E571B243C322}.Debug|x64.ActiveCfg = Debug|Any CPU
		{29C583B5-588C-4887-88CB-E571B243C322}.Debug|x64.Build.0 = Debug|Any CPU
		{29C583B5-588C-4887-88CB-E571B243C322}.Debug|x86.ActiveCfg = Debug|Any CPU
		{29C583B5-588C-4887-88CB-E571B243C322}.Debug|x86.Build.0 = Debug|Any CPU
		{29C583B5-588C-4887-88CB-E571B243C322}.Release|Any CPU.ActiveCfg = Release|Any CPU
		{29C583B5-588C-4887-88CB-E571B243C322}.Release|Any CPU.Build.0 = Release|Any CPU
		{29C583B5-588C-4887-88CB-E571B243C322}.Release|x64.ActiveCfg = Release|Any CPU
		{29C583B5-588C-4887-88CB-E571B243C322}.Release|x64.Build.0 = Release|Any CPU
		{29C583B5-588C-4887-88CB-E571B243C322}.Release|x86.ActiveCfg = Release|Any CPU
		{29C583B5-588C-4887-88CB-E571B243C322}.Release|x86.Build.0 = Release|Any CPU
		{C87C02E1-F9C7-4313-A470-88DED73DF61A}.Debug|Any CPU.ActiveCfg = Debug|Any CPU
		{C87C02E1-F9C7-4313-A470-88DED73DF61A}.Debug|Any CPU.Build.0 = Debug|Any CPU
		{C87C02E1-F9C7-4313-A470-88DED73DF61A}.Debug|x64.ActiveCfg = Debug|Any CPU
		{C87C02E1-F9C7-4313-A470-88DED73DF61A}.Debug|x64.Build.0 = Debug|Any CPU
		{C87C02E1-F9C7-4313-A470-88DED73DF61A}.Debug|x86.ActiveCfg = Debug|Any CPU
		{C87C02E1-F9C7-4313-A470-88DED73DF61A}.Debug|x86.Build.0 = Debug|Any CPU
		{C87C02E1-F9C7-4313-A470-88DED73DF61A}.Release|Any CPU.ActiveCfg = Release|Any CPU
		{C87C02E1-F9C7-4313-A470-88DED73DF61A}.Release|Any CPU.Build.0 = Release|Any CPU
		{C87C02E1-F9C7-4313-A470-88DED73DF61A}.Release|x64.ActiveCfg = Release|Any CPU
		{C87C02E1-F9C7-4313-A470-88DED73DF61A}.Release|x64.Build.0 = Release|Any CPU
		{C87C02E1-F9C7-4313-A470-88DED73DF61A}.Release|x86.ActiveCfg = Release|Any CPU
		{C87C02E1-F9C7-4313-A470-88DED73DF61A}.Release|x86.Build.0 = Release|Any CPU
		{F167257A-53AC-40D5-BC22-82FEDEDD769E}.Debug|Any CPU.ActiveCfg = Debug|Any CPU
		{F167257A-53AC-40D5-BC22-82FEDEDD769E}.Debug|Any CPU.Build.0 = Debug|Any CPU
		{F167257A-53AC-40D5-BC22-82FEDEDD769E}.Debug|x64.ActiveCfg = Debug|Any CPU
		{F167257A-53AC-40D5-BC22-82FEDEDD769E}.Debug|x64.Build.0 = Debug|Any CPU
		{F167257A-53AC-40D5-BC22-82FEDEDD769E}.Debug|x86.ActiveCfg = Debug|Any CPU
		{F167257A-53AC-40D5-BC22-82FEDEDD769E}.Debug|x86.Build.0 = Debug|Any CPU
		{F167257A-53AC-40D5-BC22-82FEDEDD769E}.Release|Any CPU.ActiveCfg = Release|Any CPU
		{F167257A-53AC-40D5-BC22-82FEDEDD769E}.Release|Any CPU.Build.0 = Release|Any CPU
		{F167257A-53AC-40D5-BC22-82FEDEDD769E}.Release|x64.ActiveCfg = Release|Any CPU
		{F167257A-53AC-40D5-BC22-82FEDEDD769E}.Release|x64.Build.0 = Release|Any CPU
		{F167257A-53AC-40D5-BC22-82FEDEDD769E}.Release|x86.ActiveCfg = Release|Any CPU
		{F167257A-53AC-40D5-BC22-82FEDEDD769E}.Release|x86.Build.0 = Release|Any CPU
		{69D3B3BE-61E8-4BBB-9BC2-C80C7FF13EE9}.Debug|Any CPU.ActiveCfg = Debug|Any CPU
		{69D3B3BE-61E8-4BBB-9BC2-C80C7FF13EE9}.Debug|Any CPU.Build.0 = Debug|Any CPU
		{69D3B3BE-61E8-4BBB-9BC2-C80C7FF13EE9}.Debug|x64.ActiveCfg = Debug|Any CPU
		{69D3B3BE-61E8-4BBB-9BC2-C80C7FF13EE9}.Debug|x64.Build.0 = Debug|Any CPU
		{69D3B3BE-61E8-4BBB-9BC2-C80C7FF13EE9}.Debug|x86.ActiveCfg = Debug|Any CPU
		{69D3B3BE-61E8-4BBB-9BC2-C80C7FF13EE9}.Debug|x86.Build.0 = Debug|Any CPU
		{69D3B3BE-61E8-4BBB-9BC2-C80C7FF13EE9}.Release|Any CPU.ActiveCfg = Release|Any CPU
		{69D3B3BE-61E8-4BBB-9BC2-C80C7FF13EE9}.Release|Any CPU.Build.0 = Release|Any CPU
		{69D3B3BE-61E8-4BBB-9BC2-C80C7FF13EE9}.Release|x64.ActiveCfg = Release|Any CPU
		{69D3B3BE-61E8-4BBB-9BC2-C80C7FF13EE9}.Release|x64.Build.0 = Release|Any CPU
		{69D3B3BE-61E8-4BBB-9BC2-C80C7FF13EE9}.Release|x86.ActiveCfg = Release|Any CPU
		{69D3B3BE-61E8-4BBB-9BC2-C80C7FF13EE9}.Release|x86.Build.0 = Release|Any CPU
	EndGlobalSection
	GlobalSection(SolutionProperties) = preSolution
		HideSolutionNode = FALSE
	EndGlobalSection
	GlobalSection(ExtensibilityGlobals) = postSolution
		SolutionGuid = {F410FA75-0961-4A4E-9147-2B73282F54C6}
	EndGlobalSection
EndGlobal
